Microsoft Visual Studio Solution File, Format Version 12.00
# Visual Studio Version 17
VisualStudioVersion = 17.5.2.0
MinimumVisualStudioVersion = 10.0.40219.1
Project("{FAE04EC0-301F-11D3-BF4B-00C04F79EFBC}") = "IlkFormUygulamasi", "IlkFormUygulamasi.csproj", "{EA62F025-5FF1-4DEB-5AE9-747ECDAE2106}"
EndProject
Global
	GlobalSection(SolutionConfigurationPlatforms) = preSolution
		Debug|Any CPU = Debug|Any CPU
		Release|Any CPU = Release|Any CPU
	EndGlobalSection
	GlobalSection(ProjectConfigurationPlatforms) = postSolution
		{EA62F025-5FF1-4DEB-5AE9-747ECDAE2106}.Debug|Any CPU.ActiveCfg = Debug|Any CPU
		{EA62F025-5FF1-4DEB-5AE9-747ECDAE2106}.Debug|Any CPU.Build.0 = Debug|Any CPU
		{EA62F025-5FF1-4DEB-5AE9-747ECDAE2106}.Release|Any CPU.ActiveCfg = Release|Any CPU
		{EA62F025-5FF1-4DEB-5AE9-747ECDAE2106}.Release|Any CPU.Build.0 = Release|Any CPU
	EndGlobalSection
	GlobalSection(SolutionProperties) = preSolution
		HideSolutionNode = FALSE
	EndGlobalSection
	GlobalSection(ExtensibilityGlobals) = postSolution
		SolutionGuid = {8C17BD8B-A5F3-4C9C-ADC9-7F2EC7AADD7A}
	EndGlobalSection
EndGlobal
